
Microsoft Visual Studio Solution File, Format Version 12.00
# Visual Studio 15
VisualStudioVersion = 15.0.26730.12
MinimumVisualStudioVersion = 10.0.40219.1
Project("{2150E333-8FDC-42A3-9474-1A3956D46DE8}") = "Delivery", "Delivery", "{F73D0F28-9CDF-47AE-913F-5DDBE26F1610}"
EndProject
Project("{2150E333-8FDC-42A3-9474-1A3956D46DE8}") = "Dependency", "Dependency", "{59554CA3-7BA4-4ED7-9CE8-03FF3470C498}"
EndProject
Project("{2150E333-8FDC-42A3-9474-1A3956D46DE8}") = "UseCase", "UseCase", "{15208328-858E-425B-9863-3DAD89442FC1}"
EndProject
Project("{FAE04EC0-301F-11D3-BF4B-00C04F79EFBC}") = "UseCase.Boundary", "UseCase\UseCase.Boundary\UseCase.Boundary.csproj", "{FF0D8F54-3C0D-4E78-9B54-F13E70C243B7}"
EndProject
Project("{2150E333-8FDC-42A3-9474-1A3956D46DE8}") = "Test", "Test", "{61DFAE18-DB73-4F92-B6FF-4A4753261430}"
EndProject
Project("{2150E333-8FDC-42A3-9474-1A3956D46DE8}") = "Storage", "Storage", "{3DCEAF29-0914-4F25-B325-C39C0BD3E219}"
EndProject
Project("{FAE04EC0-301F-11D3-BF4B-00C04F79EFBC}") = "UseCase.Application", "UseCase\UseCase.Application\UseCase.Application.csproj", "{A1581EE3-C123-484C-90D1-651EF4B37332}"
EndProject
Project("{FAE04EC0-301F-11D3-BF4B-00C04F79EFBC}") = "UseCase.Test.Application", "UseCase\Test\UseCase.Test.Application\UseCase.Test.Application.csproj", "{82230649-2632-47FE-8C40-560E5F6FA6FB}"
EndProject
Project("{2150E333-8FDC-42A3-9474-1A3956D46DE8}") = "Logging", "Logging", "{529F73ED-1450-4314-84E1-04114F4CC753}"
EndProject
Project("{2150E333-8FDC-42A3-9474-1A3956D46DE8}") = "Console", "Console", "{6B94FFE1-2794-422B-9AA1-0110B21203FF}"
EndProject
Project("{2150E333-8FDC-42A3-9474-1A3956D46DE8}") = "Web", "Web", "{591DEDD4-B4A8-4F31-8254-13E9F71AF457}"
EndProject
Project("{2150E333-8FDC-42A3-9474-1A3956D46DE8}") = "Entity", "Entity", "{F3C67EB2-6F28-456B-8F06-A1B9C9BED0FD}"
EndProject
Project("{2150E333-8FDC-42A3-9474-1A3956D46DE8}") = "Test", "Test", "{6978787D-A6F9-4C96-9544-AE568A6E34E8}"
EndProject
Project("{2150E333-8FDC-42A3-9474-1A3956D46DE8}") = "Factory", "Factory", "{D6910D1F-EE57-4E4E-8532-83C857E98441}"
EndProject
Global
	GlobalSection(SolutionConfigurationPlatforms) = preSolution
		Debug|Any CPU = Debug|Any CPU
		Release|Any CPU = Release|Any CPU
	EndGlobalSection
	GlobalSection(ProjectConfigurationPlatforms) = postSolution
		{FF0D8F54-3C0D-4E78-9B54-F13E70C243B7}.Debug|Any CPU.ActiveCfg = Debug|Any CPU
		{FF0D8F54-3C0D-4E78-9B54-F13E70C243B7}.Debug|Any CPU.Build.0 = Debug|Any CPU
		{FF0D8F54-3C0D-4E78-9B54-F13E70C243B7}.Release|Any CPU.ActiveCfg = Release|Any CPU
		{FF0D8F54-3C0D-4E78-9B54-F13E70C243B7}.Release|Any CPU.Build.0 = Release|Any CPU
		{A1581EE3-C123-484C-90D1-651EF4B37332}.Debug|Any CPU.ActiveCfg = Debug|Any CPU
		{A1581EE3-C123-484C-90D1-651EF4B37332}.Debug|Any CPU.Build.0 = Debug|Any CPU
		{A1581EE3-C123-484C-90D1-651EF4B37332}.Release|Any CPU.ActiveCfg = Release|Any CPU
		{A1581EE3-C123-484C-90D1-651EF4B37332}.Release|Any CPU.Build.0 = Release|Any CPU
		{82230649-2632-47FE-8C40-560E5F6FA6FB}.Debug|Any CPU.ActiveCfg = Debug|Any CPU
		{82230649-2632-47FE-8C40-560E5F6FA6FB}.Debug|Any CPU.Build.0 = Debug|Any CPU
		{82230649-2632-47FE-8C40-560E5F6FA6FB}.Release|Any CPU.ActiveCfg = Release|Any CPU
		{82230649-2632-47FE-8C40-560E5F6FA6FB}.Release|Any CPU.Build.0 = Release|Any CPU
	EndGlobalSection
	GlobalSection(SolutionProperties) = preSolution
		HideSolutionNode = FALSE
	EndGlobalSection
	GlobalSection(NestedProjects) = preSolution
		{FF0D8F54-3C0D-4E78-9B54-F13E70C243B7} = {15208328-858E-425B-9863-3DAD89442FC1}
		{61DFAE18-DB73-4F92-B6FF-4A4753261430} = {15208328-858E-425B-9863-3DAD89442FC1}
		{3DCEAF29-0914-4F25-B325-C39C0BD3E219} = {59554CA3-7BA4-4ED7-9CE8-03FF3470C498}
		{A1581EE3-C123-484C-90D1-651EF4B37332} = {15208328-858E-425B-9863-3DAD89442FC1}
		{82230649-2632-47FE-8C40-560E5F6FA6FB} = {61DFAE18-DB73-4F92-B6FF-4A4753261430}
		{529F73ED-1450-4314-84E1-04114F4CC753} = {59554CA3-7BA4-4ED7-9CE8-03FF3470C498}
		{6B94FFE1-2794-422B-9AA1-0110B21203FF} = {F73D0F28-9CDF-47AE-913F-5DDBE26F1610}
		{591DEDD4-B4A8-4F31-8254-13E9F71AF457} = {F73D0F28-9CDF-47AE-913F-5DDBE26F1610}
		{6978787D-A6F9-4C96-9544-AE568A6E34E8} = {F3C67EB2-6F28-456B-8F06-A1B9C9BED0FD}
	EndGlobalSection
	GlobalSection(ExtensibilityGlobals) = postSolution
		SolutionGuid = {0017149F-9435-43A3-969A-DD371FC032C0}
	EndGlobalSection
EndGlobal
