
Microsoft Visual Studio Solution File, Format Version 12.00
# Visual Studio 15
VisualStudioVersion = 15.0.26730.15
MinimumVisualStudioVersion = 10.0.40219.1
Project("{2150E333-8FDC-42A3-9474-1A3956D46DE8}") = "Delivery", "Delivery", "{F73D0F28-9CDF-47AE-913F-5DDBE26F1610}"
EndProject
Project("{2150E333-8FDC-42A3-9474-1A3956D46DE8}") = "Dependency", "Dependency", "{59554CA3-7BA4-4ED7-9CE8-03FF3470C498}"
EndProject
Project("{2150E333-8FDC-42A3-9474-1A3956D46DE8}") = "UseCase", "UseCase", "{15208328-858E-425B-9863-3DAD89442FC1}"
EndProject
Project("{2150E333-8FDC-42A3-9474-1A3956D46DE8}") = "Test", "Test", "{61DFAE18-DB73-4F92-B6FF-4A4753261430}"
EndProject
Project("{2150E333-8FDC-42A3-9474-1A3956D46DE8}") = "Storage", "Storage", "{3DCEAF29-0914-4F25-B325-C39C0BD3E219}"
EndProject
Project("{2150E333-8FDC-42A3-9474-1A3956D46DE8}") = "Logging", "Logging", "{529F73ED-1450-4314-84E1-04114F4CC753}"
EndProject
Project("{2150E333-8FDC-42A3-9474-1A3956D46DE8}") = "Console", "Console", "{6B94FFE1-2794-422B-9AA1-0110B21203FF}"
EndProject
Project("{2150E333-8FDC-42A3-9474-1A3956D46DE8}") = "Web", "Web", "{591DEDD4-B4A8-4F31-8254-13E9F71AF457}"
EndProject
Project("{2150E333-8FDC-42A3-9474-1A3956D46DE8}") = "Entity", "Entity", "{F3C67EB2-6F28-456B-8F06-A1B9C9BED0FD}"
EndProject
Project("{2150E333-8FDC-42A3-9474-1A3956D46DE8}") = "Test", "Test", "{6978787D-A6F9-4C96-9544-AE568A6E34E8}"
EndProject
Project("{2150E333-8FDC-42A3-9474-1A3956D46DE8}") = "Factory", "Factory", "{D6910D1F-EE57-4E4E-8532-83C857E98441}"
EndProject
Project("{9A19103F-16F7-4668-BE54-9A1E7A4F7556}") = "UseCase.Boundary", "UseCase\UseCase.Boundary\UseCase.Boundary.csproj", "{2843ED50-52FF-4945-837E-37E829D2C0F0}"
EndProject
Project("{FAE04EC0-301F-11D3-BF4B-00C04F79EFBC}") = "UseCase.PhoneBook", "UseCase\UseCase.PhoneBook\UseCase.PhoneBook.csproj", "{48CE7C3E-6BC6-4FF1-A8A3-EC95254BC1E9}"
EndProject
Project("{FAE04EC0-301F-11D3-BF4B-00C04F79EFBC}") = "UseCase.Test.PhonebookTests", "UseCase\Test\UseCase.Test.PhonebookTests\UseCase.Test.PhonebookTests.csproj", "{D1287A80-B978-4B28-BF88-42E2AE042B56}"
EndProject
Global
	GlobalSection(SolutionConfigurationPlatforms) = preSolution
		Debug|Any CPU = Debug|Any CPU
		Release|Any CPU = Release|Any CPU
	EndGlobalSection
	GlobalSection(ProjectConfigurationPlatforms) = postSolution
		{2843ED50-52FF-4945-837E-37E829D2C0F0}.Debug|Any CPU.ActiveCfg = Debug|Any CPU
		{2843ED50-52FF-4945-837E-37E829D2C0F0}.Debug|Any CPU.Build.0 = Debug|Any CPU
		{2843ED50-52FF-4945-837E-37E829D2C0F0}.Release|Any CPU.ActiveCfg = Release|Any CPU
		{2843ED50-52FF-4945-837E-37E829D2C0F0}.Release|Any CPU.Build.0 = Release|Any CPU
		{48CE7C3E-6BC6-4FF1-A8A3-EC95254BC1E9}.Debug|Any CPU.ActiveCfg = Debug|Any CPU
		{48CE7C3E-6BC6-4FF1-A8A3-EC95254BC1E9}.Debug|Any CPU.Build.0 = Debug|Any CPU
		{48CE7C3E-6BC6-4FF1-A8A3-EC95254BC1E9}.Release|Any CPU.ActiveCfg = Release|Any CPU
		{48CE7C3E-6BC6-4FF1-A8A3-EC95254BC1E9}.Release|Any CPU.Build.0 = Release|Any CPU
		{D1287A80-B978-4B28-BF88-42E2AE042B56}.Debug|Any CPU.ActiveCfg = Debug|Any CPU
		{D1287A80-B978-4B28-BF88-42E2AE042B56}.Debug|Any CPU.Build.0 = Debug|Any CPU
		{D1287A80-B978-4B28-BF88-42E2AE042B56}.Release|Any CPU.ActiveCfg = Release|Any CPU
		{D1287A80-B978-4B28-BF88-42E2AE042B56}.Release|Any CPU.Build.0 = Release|Any CPU
	EndGlobalSection
	GlobalSection(SolutionProperties) = preSolution
		HideSolutionNode = FALSE
	EndGlobalSection
	GlobalSection(NestedProjects) = preSolution
		{61DFAE18-DB73-4F92-B6FF-4A4753261430} = {15208328-858E-425B-9863-3DAD89442FC1}
		{3DCEAF29-0914-4F25-B325-C39C0BD3E219} = {59554CA3-7BA4-4ED7-9CE8-03FF3470C498}
		{529F73ED-1450-4314-84E1-04114F4CC753} = {59554CA3-7BA4-4ED7-9CE8-03FF3470C498}
		{6B94FFE1-2794-422B-9AA1-0110B21203FF} = {F73D0F28-9CDF-47AE-913F-5DDBE26F1610}
		{591DEDD4-B4A8-4F31-8254-13E9F71AF457} = {F73D0F28-9CDF-47AE-913F-5DDBE26F1610}
		{6978787D-A6F9-4C96-9544-AE568A6E34E8} = {F3C67EB2-6F28-456B-8F06-A1B9C9BED0FD}
		{2843ED50-52FF-4945-837E-37E829D2C0F0} = {15208328-858E-425B-9863-3DAD89442FC1}
		{48CE7C3E-6BC6-4FF1-A8A3-EC95254BC1E9} = {15208328-858E-425B-9863-3DAD89442FC1}
		{D1287A80-B978-4B28-BF88-42E2AE042B56} = {61DFAE18-DB73-4F92-B6FF-4A4753261430}
	EndGlobalSection
	GlobalSection(ExtensibilityGlobals) = postSolution
		SolutionGuid = {0017149F-9435-43A3-969A-DD371FC032C0}
	EndGlobalSection
EndGlobal
